
Microsoft Visual Studio Solution File, Format Version 12.00
# Visual Studio Version 16
VisualStudioVersion = 16.0.31729.503
MinimumVisualStudioVersion = 10.0.40219.1
Project("{FAE04EC0-301F-11D3-BF4B-00C04F79EFBC}") = "ExeDataGrid", "ExeDataGrid\ExeDataGrid.csproj", "{05668838-981C-4B07-A68A-71B10614FA81}"
EndProject
Global
	GlobalSection(SolutionConfigurationPlatforms) = preSolution
		Debug|Any CPU = Debug|Any CPU
		Release|Any CPU = Release|Any CPU
	EndGlobalSection
	GlobalSection(ProjectConfigurationPlatforms) = postSolution
		{05668838-981C-4B07-A68A-71B10614FA81}.Debug|Any CPU.ActiveCfg = Debug|Any CPU
		{05668838-981C-4B07-A68A-71B10614FA81}.Debug|Any CPU.Build.0 = Debug|Any CPU
		{05668838-981C-4B07-A68A-71B10614FA81}.Release|Any CPU.ActiveCfg = Release|Any CPU
		{05668838-981C-4B07-A68A-71B10614FA81}.Release|Any CPU.Build.0 = Release|Any CPU
	EndGlobalSection
	GlobalSection(SolutionProperties) = preSolution
		HideSolutionNode = FALSE
	EndGlobalSection
	GlobalSection(ExtensibilityGlobals) = postSolution
		SolutionGuid = {F45E28F0-57A1-4323-8F13-1BCCC067B887}
	EndGlobalSection
EndGlobal
